
Microsoft Visual Studio Solution File, Format Version 12.00
# Visual Studio Version 16
VisualStudioVersion = 16.0.33423.256
MinimumVisualStudioVersion = 10.0.40219.1
Project("{FAE04EC0-301F-11D3-BF4B-00C04F79EFBC}") = "OnTapWireless", "OnTapWireless\OnTapWireless.csproj", "{A1F7D508-01BB-499C-ABA5-0425FEA00438}"
EndProject
Project("{54435603-DBB4-11D2-8724-00A0C9A8B90C}") = "SetupOnTapWireless", "SetupOnTapWireless\SetupOnTapWireless.vdproj", "{D7760750-6B10-45E3-9268-66ACA1ADA114}"
EndProject
Global
	GlobalSection(SolutionConfigurationPlatforms) = preSolution
		Debug|Any CPU = Debug|Any CPU
		Release|Any CPU = Release|Any CPU
	EndGlobalSection
	GlobalSection(ProjectConfigurationPlatforms) = postSolution
		{A1F7D508-01BB-499C-ABA5-0425FEA00438}.Debug|Any CPU.ActiveCfg = Debug|Any CPU
		{A1F7D508-01BB-499C-ABA5-0425FEA00438}.Debug|Any CPU.Build.0 = Debug|Any CPU
		{A1F7D508-01BB-499C-ABA5-0425FEA00438}.Release|Any CPU.ActiveCfg = Release|Any CPU
		{A1F7D508-01BB-499C-ABA5-0425FEA00438}.Release|Any CPU.Build.0 = Release|Any CPU
		{D7760750-6B10-45E3-9268-66ACA1ADA114}.Debug|Any CPU.ActiveCfg = Debug
		{D7760750-6B10-45E3-9268-66ACA1ADA114}.Release|Any CPU.ActiveCfg = Release
	EndGlobalSection
	GlobalSection(SolutionProperties) = preSolution
		HideSolutionNode = FALSE
	EndGlobalSection
	GlobalSection(ExtensibilityGlobals) = postSolution
		SolutionGuid = {3EA199C2-F3C6-4831-8D05-41BFD08798BF}
	EndGlobalSection
EndGlobal
